// !$*UTF8*$!
{
	archiveVersion = 1;
	classes = {
	};
	objectVersion = 56;
	objects = {

/* Begin PBXBuildFile section */
		7B61B987EBEE4649C21BC369 /* Pods_BloggingApp.framework in Frameworks */ = {isa = PBXBuildFile; fileRef = 97B6B5AA120AE7B95D5FCCAE /* Pods_BloggingApp.framework */; };
		AD12C83F29ED676C0060AAA4 /* AppDelegate.swift in Sources */ = {isa = PBXBuildFile; fileRef = AD12C83E29ED676C0060AAA4 /* AppDelegate.swift */; };
		AD12C84129ED676C0060AAA4 /* SceneDelegate.swift in Sources */ = {isa = PBXBuildFile; fileRef = AD12C84029ED676C0060AAA4 /* SceneDelegate.swift */; };
		AD12C84329ED676C0060AAA4 /* HomeViewController.swift in Sources */ = {isa = PBXBuildFile; fileRef = AD12C84229ED676C0060AAA4 /* HomeViewController.swift */; };
		AD12C84829ED676D0060AAA4 /* Assets.xcassets in Resources */ = {isa = PBXBuildFile; fileRef = AD12C84729ED676D0060AAA4 /* Assets.xcassets */; };
		AD12C84B29ED676D0060AAA4 /* LaunchScreen.storyboard in Resources */ = {isa = PBXBuildFile; fileRef = AD12C84929ED676D0060AAA4 /* LaunchScreen.storyboard */; };
		AD42C56129F13AEC0009CB54 /* User.swift in Sources */ = {isa = PBXBuildFile; fileRef = AD42C56029F13AEC0009CB54 /* User.swift */; };
		AD42C56329F13AFF0009CB54 /* BlogPost.swift in Sources */ = {isa = PBXBuildFile; fileRef = AD42C56229F13AFF0009CB54 /* BlogPost.swift */; };
		AD42C56529F187390009CB54 /* PayWallViewController.swift in Sources */ = {isa = PBXBuildFile; fileRef = AD42C56429F187390009CB54 /* PayWallViewController.swift */; };
		AD638FEF29ED707F00DEBEFC /* ProfileViewController.swift in Sources */ = {isa = PBXBuildFile; fileRef = AD638FEE29ED707F00DEBEFC /* ProfileViewController.swift */; };
		AD638FF229ED712800DEBEFC /* TabBarViewController.swift in Sources */ = {isa = PBXBuildFile; fileRef = AD638FF129ED712800DEBEFC /* TabBarViewController.swift */; };
		AD638FF429ED714E00DEBEFC /* SignInViewController.swift in Sources */ = {isa = PBXBuildFile; fileRef = AD638FF329ED714E00DEBEFC /* SignInViewController.swift */; };
		AD638FF629ED717400DEBEFC /* SignUpViewController.swift in Sources */ = {isa = PBXBuildFile; fileRef = AD638FF529ED717400DEBEFC /* SignUpViewController.swift */; };
		AD638FF829ED718B00DEBEFC /* ViewPostViewController.swift in Sources */ = {isa = PBXBuildFile; fileRef = AD638FF729ED718B00DEBEFC /* ViewPostViewController.swift */; };
		AD638FFA29ED71C200DEBEFC /* CreateNewPostViewController.swift in Sources */ = {isa = PBXBuildFile; fileRef = AD638FF929ED71C200DEBEFC /* CreateNewPostViewController.swift */; };
		AD638FFC29ED720000DEBEFC /* IAPManager.swift in Sources */ = {isa = PBXBuildFile; fileRef = AD638FFB29ED720000DEBEFC /* IAPManager.swift */; };
		AD638FFE29ED721C00DEBEFC /* DatabaseManager.swift in Sources */ = {isa = PBXBuildFile; fileRef = AD638FFD29ED721C00DEBEFC /* DatabaseManager.swift */; };
		AD63900029ED722A00DEBEFC /* AuthManager.swift in Sources */ = {isa = PBXBuildFile; fileRef = AD638FFF29ED722A00DEBEFC /* AuthManager.swift */; };
		AD63900229ED724100DEBEFC /* StorageManager.swift in Sources */ = {isa = PBXBuildFile; fileRef = AD63900129ED724100DEBEFC /* StorageManager.swift */; };
		AD6EE56129F2A131008F6824 /* PayWallHeaderView.swift in Sources */ = {isa = PBXBuildFile; fileRef = AD6EE56029F2A131008F6824 /* PayWallHeaderView.swift */; };
		AD6EE56329F2A2D2008F6824 /* Extensions.swift in Sources */ = {isa = PBXBuildFile; fileRef = AD6EE56229F2A2D2008F6824 /* Extensions.swift */; };
		AD6EE56529F2B0B9008F6824 /* PayWallDescriptionView.swift in Sources */ = {isa = PBXBuildFile; fileRef = AD6EE56429F2B0B9008F6824 /* PayWallDescriptionView.swift */; };
		ADEAB54929F01FA500F6BB9F /* GoogleService-Info.plist in Resources */ = {isa = PBXBuildFile; fileRef = ADEAB54829F01FA400F6BB9F /* GoogleService-Info.plist */; };
/* End PBXBuildFile section */

/* Begin PBXFileReference section */
		9424816F20BCC4243958BB9B /* Pods-BloggingApp.debug.xcconfig */ = {isa = PBXFileReference; includeInIndex = 1; lastKnownFileType = text.xcconfig; name = "Pods-BloggingApp.debug.xcconfig"; path = "Target Support Files/Pods-BloggingApp/Pods-BloggingApp.debug.xcconfig"; sourceTree = "<group>"; };
		97B6B5AA120AE7B95D5FCCAE /* Pods_BloggingApp.framework */ = {isa = PBXFileReference; explicitFileType = wrapper.framework; includeInIndex = 0; path = Pods_BloggingApp.framework; sourceTree = BUILT_PRODUCTS_DIR; };
		ACCE184585177F983239ECD0 /* Pods-BloggingApp.release.xcconfig */ = {isa = PBXFileReference; includeInIndex = 1; lastKnownFileType = text.xcconfig; name = "Pods-BloggingApp.release.xcconfig"; path = "Target Support Files/Pods-BloggingApp/Pods-BloggingApp.release.xcconfig"; sourceTree = "<group>"; };
		AD12C83B29ED676C0060AAA4 /* BloggingApp.app */ = {isa = PBXFileReference; explicitFileType = wrapper.application; includeInIndex = 0; path = BloggingApp.app; sourceTree = BUILT_PRODUCTS_DIR; };
		AD12C83E29ED676C0060AAA4 /* AppDelegate.swift */ = {isa = PBXFileReference; lastKnownFileType = sourcecode.swift; path = AppDelegate.swift; sourceTree = "<group>"; };
		AD12C84029ED676C0060AAA4 /* SceneDelegate.swift */ = {isa = PBXFileReference; lastKnownFileType = sourcecode.swift; path = SceneDelegate.swift; sourceTree = "<group>"; };
		AD12C84229ED676C0060AAA4 /* HomeViewController.swift */ = {isa = PBXFileReference; lastKnownFileType = sourcecode.swift; path = HomeViewController.swift; sourceTree = "<group>"; };
		AD12C84729ED676D0060AAA4 /* Assets.xcassets */ = {isa = PBXFileReference; lastKnownFileType = folder.assetcatalog; path = Assets.xcassets; sourceTree = "<group>"; };
		AD12C84A29ED676D0060AAA4 /* Base */ = {isa = PBXFileReference; lastKnownFileType = file.storyboard; name = Base; path = Base.lproj/LaunchScreen.storyboard; sourceTree = "<group>"; };
		AD12C84C29ED676D0060AAA4 /* Info.plist */ = {isa = PBXFileReference; lastKnownFileType = text.plist.xml; path = Info.plist; sourceTree = "<group>"; };
		AD42C56029F13AEC0009CB54 /* User.swift */ = {isa = PBXFileReference; lastKnownFileType = sourcecode.swift; path = User.swift; sourceTree = "<group>"; };
		AD42C56229F13AFF0009CB54 /* BlogPost.swift */ = {isa = PBXFileReference; lastKnownFileType = sourcecode.swift; path = BlogPost.swift; sourceTree = "<group>"; };
		AD42C56429F187390009CB54 /* PayWallViewController.swift */ = {isa = PBXFileReference; lastKnownFileType = sourcecode.swift; path = PayWallViewController.swift; sourceTree = "<group>"; };
		AD638FEE29ED707F00DEBEFC /* ProfileViewController.swift */ = {isa = PBXFileReference; lastKnownFileType = sourcecode.swift; path = ProfileViewController.swift; sourceTree = "<group>"; };
		AD638FF129ED712800DEBEFC /* TabBarViewController.swift */ = {isa = PBXFileReference; lastKnownFileType = sourcecode.swift; path = TabBarViewController.swift; sourceTree = "<group>"; };
		AD638FF329ED714E00DEBEFC /* SignInViewController.swift */ = {isa = PBXFileReference; lastKnownFileType = sourcecode.swift; path = SignInViewController.swift; sourceTree = "<group>"; };
		AD638FF529ED717400DEBEFC /* SignUpViewController.swift */ = {isa = PBXFileReference; lastKnownFileType = sourcecode.swift; path = SignUpViewController.swift; sourceTree = "<group>"; };
		AD638FF729ED718B00DEBEFC /* ViewPostViewController.swift */ = {isa = PBXFileReference; lastKnownFileType = sourcecode.swift; path = ViewPostViewController.swift; sourceTree = "<group>"; };
		AD638FF929ED71C200DEBEFC /* CreateNewPostViewController.swift */ = {isa = PBXFileReference; lastKnownFileType = sourcecode.swift; path = CreateNewPostViewController.swift; sourceTree = "<group>"; };
		AD638FFB29ED720000DEBEFC /* IAPManager.swift */ = {isa = PBXFileReference; lastKnownFileType = sourcecode.swift; path = IAPManager.swift; sourceTree = "<group>"; };
		AD638FFD29ED721C00DEBEFC /* DatabaseManager.swift */ = {isa = PBXFileReference; lastKnownFileType = sourcecode.swift; path = DatabaseManager.swift; sourceTree = "<group>"; };
		AD638FFF29ED722A00DEBEFC /* AuthManager.swift */ = {isa = PBXFileReference; lastKnownFileType = sourcecode.swift; path = AuthManager.swift; sourceTree = "<group>"; };
		AD63900129ED724100DEBEFC /* StorageManager.swift */ = {isa = PBXFileReference; lastKnownFileType = sourcecode.swift; path = StorageManager.swift; sourceTree = "<group>"; };
		AD6EE56029F2A131008F6824 /* PayWallHeaderView.swift */ = {isa = PBXFileReference; lastKnownFileType = sourcecode.swift; path = PayWallHeaderView.swift; sourceTree = "<group>"; };
		AD6EE56229F2A2D2008F6824 /* Extensions.swift */ = {isa = PBXFileReference; lastKnownFileType = sourcecode.swift; path = Extensions.swift; sourceTree = "<group>"; };
		AD6EE56429F2B0B9008F6824 /* PayWallDescriptionView.swift */ = {isa = PBXFileReference; lastKnownFileType = sourcecode.swift; path = PayWallDescriptionView.swift; sourceTree = "<group>"; };
		ADEAB54829F01FA400F6BB9F /* GoogleService-Info.plist */ = {isa = PBXFileReference; fileEncoding = 4; lastKnownFileType = text.plist.xml; path = "GoogleService-Info.plist"; sourceTree = "<group>"; };
/* End PBXFileReference section */

/* Begin PBXFrameworksBuildPhase section */
		AD12C83829ED676C0060AAA4 /* Frameworks */ = {
			isa = PBXFrameworksBuildPhase;
			buildActionMask = 2147483647;
			files = (
				7B61B987EBEE4649C21BC369 /* Pods_BloggingApp.framework in Frameworks */,
			);
			runOnlyForDeploymentPostprocessing = 0;
		};
/* End PBXFrameworksBuildPhase section */

/* Begin PBXGroup section */
		27E6B090B2205955E81CBBFB /* Pods */ = {
			isa = PBXGroup;
			children = (
				9424816F20BCC4243958BB9B /* Pods-BloggingApp.debug.xcconfig */,
				ACCE184585177F983239ECD0 /* Pods-BloggingApp.release.xcconfig */,
			);
			path = Pods;
			sourceTree = "<group>";
		};
		AD12C83229ED676C0060AAA4 = {
			isa = PBXGroup;
			children = (
				AD12C83D29ED676C0060AAA4 /* BloggingApp */,
				AD12C83C29ED676C0060AAA4 /* Products */,
				27E6B090B2205955E81CBBFB /* Pods */,
				B25D591852CA529ABE168122 /* Frameworks */,
			);
			sourceTree = "<group>";
		};
		AD12C83C29ED676C0060AAA4 /* Products */ = {
			isa = PBXGroup;
			children = (
				AD12C83B29ED676C0060AAA4 /* BloggingApp.app */,
			);
			name = Products;
			sourceTree = "<group>";
		};
		AD12C83D29ED676C0060AAA4 /* BloggingApp */ = {
			isa = PBXGroup;
			children = (
				AD638FED29ED703700DEBEFC /* Managers */,
				AD638FEC29ED702F00DEBEFC /* Others */,
				AD638FE929ED701300DEBEFC /* Models */,
				AD638FEA29ED701900DEBEFC /* Views */,
				AD638FEB29ED702200DEBEFC /* Controllers */,
				AD12C84C29ED676D0060AAA4 /* Info.plist */,
			);
			path = BloggingApp;
			sourceTree = "<group>";
		};
		AD38F25429EE7574003E64A2 /* Core Tabs */ = {
			isa = PBXGroup;
			children = (
				AD12C84229ED676C0060AAA4 /* HomeViewController.swift */,
				AD638FEE29ED707F00DEBEFC /* ProfileViewController.swift */,
				AD638FF129ED712800DEBEFC /* TabBarViewController.swift */,
			);
			path = "Core Tabs";
			sourceTree = "<group>";
		};
		AD38F25529EE757D003E64A2 /* Auth */ = {
			isa = PBXGroup;
			children = (
				AD638FF329ED714E00DEBEFC /* SignInViewController.swift */,
				AD638FF529ED717400DEBEFC /* SignUpViewController.swift */,
			);
			path = Auth;
			sourceTree = "<group>";
		};
		AD38F25629EE7585003E64A2 /* Posts */ = {
			isa = PBXGroup;
			children = (
				AD638FF929ED71C200DEBEFC /* CreateNewPostViewController.swift */,
				AD638FF729ED718B00DEBEFC /* ViewPostViewController.swift */,
			);
			name = Posts;
			sourceTree = "<group>";
		};
		AD638FE929ED701300DEBEFC /* Models */ = {
			isa = PBXGroup;
			children = (
				AD42C56029F13AEC0009CB54 /* User.swift */,
				AD42C56229F13AFF0009CB54 /* BlogPost.swift */,
			);
			path = Models;
			sourceTree = "<group>";
		};
		AD638FEA29ED701900DEBEFC /* Views */ = {
			isa = PBXGroup;
			children = (
				AD12C84929ED676D0060AAA4 /* LaunchScreen.storyboard */,
				AD6EE56029F2A131008F6824 /* PayWallHeaderView.swift */,
				AD6EE56429F2B0B9008F6824 /* PayWallDescriptionView.swift */,
			);
			path = Views;
			sourceTree = "<group>";
		};
		AD638FEB29ED702200DEBEFC /* Controllers */ = {
			isa = PBXGroup;
			children = (
				AD38F25429EE7574003E64A2 /* Core Tabs */,
				AD38F25529EE757D003E64A2 /* Auth */,
				AD38F25629EE7585003E64A2 /* Posts */,
			);
			path = Controllers;
			sourceTree = "<group>";
		};
		AD638FEC29ED702F00DEBEFC /* Others */ = {
			isa = PBXGroup;
			children = (
				AD12C84729ED676D0060AAA4 /* Assets.xcassets */,
				ADEAB54829F01FA400F6BB9F /* GoogleService-Info.plist */,
				AD42C56429F187390009CB54 /* PayWallViewController.swift */,
				AD12C83E29ED676C0060AAA4 /* AppDelegate.swift */,
				AD12C84029ED676C0060AAA4 /* SceneDelegate.swift */,
				AD6EE56229F2A2D2008F6824 /* Extensions.swift */,
			);
			path = Others;
			sourceTree = "<group>";
		};
		AD638FED29ED703700DEBEFC /* Managers */ = {
			isa = PBXGroup;
			children = (
				AD638FFB29ED720000DEBEFC /* IAPManager.swift */,
				AD638FFD29ED721C00DEBEFC /* DatabaseManager.swift */,
				AD638FFF29ED722A00DEBEFC /* AuthManager.swift */,
				AD63900129ED724100DEBEFC /* StorageManager.swift */,
			);
			path = Managers;
			sourceTree = "<group>";
		};
		B25D591852CA529ABE168122 /* Frameworks */ = {
			isa = PBXGroup;
			children = (
				97B6B5AA120AE7B95D5FCCAE /* Pods_BloggingApp.framework */,
			);
			name = Frameworks;
			sourceTree = "<group>";
		};
/* End PBXGroup section */

/* Begin PBXNativeTarget section */
		AD12C83A29ED676C0060AAA4 /* BloggingApp */ = {
			isa = PBXNativeTarget;
			buildConfigurationList = AD12C84F29ED676D0060AAA4 /* Build configuration list for PBXNativeTarget "BloggingApp" */;
			buildPhases = (
				9078CAB7B736074BD0F31BD9 /* [CP] Check Pods Manifest.lock */,
				AD12C83729ED676C0060AAA4 /* Sources */,
				AD12C83829ED676C0060AAA4 /* Frameworks */,
				AD12C83929ED676C0060AAA4 /* Resources */,
				FD16CE46BFF75240A4C902D8 /* [CP] Embed Pods Frameworks */,
			);
			buildRules = (
			);
			dependencies = (
			);
			name = BloggingApp;
			productName = BloggingApp;
			productReference = AD12C83B29ED676C0060AAA4 /* BloggingApp.app */;
			productType = "com.apple.product-type.application";
		};
/* End PBXNativeTarget section */

/* Begin PBXProject section */
		AD12C83329ED676C0060AAA4 /* Project object */ = {
			isa = PBXProject;
			attributes = {
				BuildIndependentTargetsInParallel = 1;
				LastSwiftUpdateCheck = 1420;
				LastUpgradeCheck = 1420;
				TargetAttributes = {
					AD12C83A29ED676C0060AAA4 = {
						CreatedOnToolsVersion = 14.2;
					};
				};
			};
			buildConfigurationList = AD12C83629ED676C0060AAA4 /* Build configuration list for PBXProject "BloggingApp" */;
			compatibilityVersion = "Xcode 14.0";
			developmentRegion = en;
			hasScannedForEncodings = 0;
			knownRegions = (
				en,
				Base,
			);
			mainGroup = AD12C83229ED676C0060AAA4;
			productRefGroup = AD12C83C29ED676C0060AAA4 /* Products */;
			projectDirPath = "";
			projectRoot = "";
			targets = (
				AD12C83A29ED676C0060AAA4 /* BloggingApp */,
			);
		};
/* End PBXProject section */

/* Begin PBXResourcesBuildPhase section */
		AD12C83929ED676C0060AAA4 /* Resources */ = {
			isa = PBXResourcesBuildPhase;
			buildActionMask = 2147483647;
			files = (
				AD12C84B29ED676D0060AAA4 /* LaunchScreen.storyboard in Resources */,
				ADEAB54929F01FA500F6BB9F /* GoogleService-Info.plist in Resources */,
				AD12C84829ED676D0060AAA4 /* Assets.xcassets in Resources */,
			);
			runOnlyForDeploymentPostprocessing = 0;
		};
/* End PBXResourcesBuildPhase section */

/* Begin PBXShellScriptBuildPhase section */
		9078CAB7B736074BD0F31BD9 /* [CP] Check Pods Manifest.lock */ = {
			isa = PBXShellScriptBuildPhase;
			buildActionMask = 2147483647;
			files = (
			);
			inputFileListPaths = (
			);
			inputPaths = (
				"${PODS_PODFILE_DIR_PATH}/Podfile.lock",
				"${PODS_ROOT}/Manifest.lock",
			);
			name = "[CP] Check Pods Manifest.lock";
			outputFileListPaths = (
			);
			outputPaths = (
				"$(DERIVED_FILE_DIR)/Pods-BloggingApp-checkManifestLockResult.txt",
			);
			runOnlyForDeploymentPostprocessing = 0;
			shellPath = /bin/sh;
			shellScript = "diff \"${PODS_PODFILE_DIR_PATH}/Podfile.lock\" \"${PODS_ROOT}/Manifest.lock\" > /dev/null\nif [ $? != 0 ] ; then\n    # print error to STDERR\n    echo \"error: The sandbox is not in sync with the Podfile.lock. Run 'pod install' or update your CocoaPods installation.\" >&2\n    exit 1\nfi\n# This output is used by Xcode 'outputs' to avoid re-running this script phase.\necho \"SUCCESS\" > \"${SCRIPT_OUTPUT_FILE_0}\"\n";
			showEnvVarsInLog = 0;
		};
		FD16CE46BFF75240A4C902D8 /* [CP] Embed Pods Frameworks */ = {
			isa = PBXShellScriptBuildPhase;
			buildActionMask = 2147483647;
			files = (
			);
			inputFileListPaths = (
				"${PODS_ROOT}/Target Support Files/Pods-BloggingApp/Pods-BloggingApp-frameworks-${CONFIGURATION}-input-files.xcfilelist",
			);
			name = "[CP] Embed Pods Frameworks";
			outputFileListPaths = (
				"${PODS_ROOT}/Target Support Files/Pods-BloggingApp/Pods-BloggingApp-frameworks-${CONFIGURATION}-output-files.xcfilelist",
			);
			runOnlyForDeploymentPostprocessing = 0;
			shellPath = /bin/sh;
			shellScript = "\"${PODS_ROOT}/Target Support Files/Pods-BloggingApp/Pods-BloggingApp-frameworks.sh\"\n";
			showEnvVarsInLog = 0;
		};
/* End PBXShellScriptBuildPhase section */

/* Begin PBXSourcesBuildPhase section */
		AD12C83729ED676C0060AAA4 /* Sources */ = {
			isa = PBXSourcesBuildPhase;
			buildActionMask = 2147483647;
			files = (
				AD638FF829ED718B00DEBEFC /* ViewPostViewController.swift in Sources */,
				AD6EE56529F2B0B9008F6824 /* PayWallDescriptionView.swift in Sources */,
				AD6EE56329F2A2D2008F6824 /* Extensions.swift in Sources */,
				AD63900029ED722A00DEBEFC /* AuthManager.swift in Sources */,
				AD638FFE29ED721C00DEBEFC /* DatabaseManager.swift in Sources */,
				AD12C84329ED676C0060AAA4 /* HomeViewController.swift in Sources */,
				AD638FF629ED717400DEBEFC /* SignUpViewController.swift in Sources */,
				AD6EE56129F2A131008F6824 /* PayWallHeaderView.swift in Sources */,
				AD12C83F29ED676C0060AAA4 /* AppDelegate.swift in Sources */,
				AD42C56129F13AEC0009CB54 /* User.swift in Sources */,
				AD638FF429ED714E00DEBEFC /* SignInViewController.swift in Sources */,
				AD638FFA29ED71C200DEBEFC /* CreateNewPostViewController.swift in Sources */,
				AD638FFC29ED720000DEBEFC /* IAPManager.swift in Sources */,
				AD42C56329F13AFF0009CB54 /* BlogPost.swift in Sources */,
				AD638FEF29ED707F00DEBEFC /* ProfileViewController.swift in Sources */,
				AD638FF229ED712800DEBEFC /* TabBarViewController.swift in Sources */,
				AD12C84129ED676C0060AAA4 /* SceneDelegate.swift in Sources */,
				AD63900229ED724100DEBEFC /* StorageManager.swift in Sources */,
				AD42C56529F187390009CB54 /* PayWallViewController.swift in Sources */,
			);
			runOnlyForDeploymentPostprocessing = 0;
		};
/* End PBXSourcesBuildPhase section */

/* Begin PBXVariantGroup section */
		AD12C84929ED676D0060AAA4 /* LaunchScreen.storyboard */ = {
			isa = PBXVariantGroup;
			children = (
				AD12C84A29ED676D0060AAA4 /* Base */,
			);
			name = LaunchScreen.storyboard;
			sourceTree = "<group>";
		};
/* End PBXVariantGroup section */

/* Begin XCBuildConfiguration section */
		AD12C84D29ED676D0060AAA4 /* Debug */ = {
			isa = XCBuildConfiguration;
			buildSettings = {
				ALWAYS_SEARCH_USER_PATHS = NO;
				CLANG_ANALYZER_NONNULL = YES;
				CLANG_ANALYZER_NUMBER_OBJECT_CONVERSION = YES_AGGRESSIVE;
				CLANG_CXX_LANGUAGE_STANDARD = "gnu++20";
				CLANG_ENABLE_MODULES = YES;
				CLANG_ENABLE_OBJC_ARC = YES;
				CLANG_ENABLE_OBJC_WEAK = YES;
				CLANG_WARN_BLOCK_CAPTURE_AUTORELEASING = YES;
				CLANG_WARN_BOOL_CONVERSION = YES;
				CLANG_WARN_COMMA = YES;
				CLANG_WARN_CONSTANT_CONVERSION = YES;
				CLANG_WARN_DEPRECATED_OBJC_IMPLEMENTATIONS = YES;
				CLANG_WARN_DIRECT_OBJC_ISA_USAGE = YES_ERROR;
				CLANG_WARN_DOCUMENTATION_COMMENTS = YES;
				CLANG_WARN_EMPTY_BODY = YES;
				CLANG_WARN_ENUM_CONVERSION = YES;
				CLANG_WARN_INFINITE_RECURSION = YES;
				CLANG_WARN_INT_CONVERSION = YES;
				CLANG_WARN_NON_LITERAL_NULL_CONVERSION = YES;
				CLANG_WARN_OBJC_IMPLICIT_RETAIN_SELF = YES;
				CLANG_WARN_OBJC_LITERAL_CONVERSION = YES;
				CLANG_WARN_OBJC_ROOT_CLASS = YES_ERROR;
				CLANG_WARN_QUOTED_INCLUDE_IN_FRAMEWORK_HEADER = YES;
				CLANG_WARN_RANGE_LOOP_ANALYSIS = YES;
				CLANG_WARN_STRICT_PROTOTYPES = YES;
				CLANG_WARN_SUSPICIOUS_MOVE = YES;
				CLANG_WARN_UNGUARDED_AVAILABILITY = YES_AGGRESSIVE;
				CLANG_WARN_UNREACHABLE_CODE = YES;
				CLANG_WARN__DUPLICATE_METHOD_MATCH = YES;
				COPY_PHASE_STRIP = NO;
				DEBUG_INFORMATION_FORMAT = dwarf;
				ENABLE_STRICT_OBJC_MSGSEND = YES;
				ENABLE_TESTABILITY = YES;
				GCC_C_LANGUAGE_STANDARD = gnu11;
				GCC_DYNAMIC_NO_PIC = NO;
				GCC_NO_COMMON_BLOCKS = YES;
				GCC_OPTIMIZATION_LEVEL = 0;
				GCC_PREPROCESSOR_DEFINITIONS = (
					"DEBUG=1",
					"$(inherited)",
				);
				GCC_WARN_64_TO_32_BIT_CONVERSION = YES;
				GCC_WARN_ABOUT_RETURN_TYPE = YES_ERROR;
				GCC_WARN_UNDECLARED_SELECTOR = YES;
				GCC_WARN_UNINITIALIZED_AUTOS = YES_AGGRESSIVE;
				GCC_WARN_UNUSED_FUNCTION = YES;
				GCC_WARN_UNUSED_VARIABLE = YES;
				IPHONEOS_DEPLOYMENT_TARGET = 16.2;
				MTL_ENABLE_DEBUG_INFO = INCLUDE_SOURCE;
				MTL_FAST_MATH = YES;
				ONLY_ACTIVE_ARCH = YES;
				SDKROOT = iphoneos;
				SWIFT_ACTIVE_COMPILATION_CONDITIONS = DEBUG;
				SWIFT_OPTIMIZATION_LEVEL = "-Onone";
			};
			name = Debug;
		};
		AD12C84E29ED676D0060AAA4 /* Release */ = {
			isa = XCBuildConfiguration;
			buildSettings = {
				ALWAYS_SEARCH_USER_PATHS = NO;
				CLANG_ANALYZER_NONNULL = YES;
				CLANG_ANALYZER_NUMBER_OBJECT_CONVERSION = YES_AGGRESSIVE;
				CLANG_CXX_LANGUAGE_STANDARD = "gnu++20";
				CLANG_ENABLE_MODULES = YES;
				CLANG_ENABLE_OBJC_ARC = YES;
				CLANG_ENABLE_OBJC_WEAK = YES;
				CLANG_WARN_BLOCK_CAPTURE_AUTORELEASING = YES;
				CLANG_WARN_BOOL_CONVERSION = YES;
				CLANG_WARN_COMMA = YES;
				CLANG_WARN_CONSTANT_CONVERSION = YES;
				CLANG_WARN_DEPRECATED_OBJC_IMPLEMENTATIONS = YES;
				CLANG_WARN_DIRECT_OBJC_ISA_USAGE = YES_ERROR;
				CLANG_WARN_DOCUMENTATION_COMMENTS = YES;
				CLANG_WARN_EMPTY_BODY = YES;
				CLANG_WARN_ENUM_CONVERSION = YES;
				CLANG_WARN_INFINITE_RECURSION = YES;
				CLANG_WARN_INT_CONVERSION = YES;
				CLANG_WARN_NON_LITERAL_NULL_CONVERSION = YES;
				CLANG_WARN_OBJC_IMPLICIT_RETAIN_SELF = YES;
				CLANG_WARN_OBJC_LITERAL_CONVERSION = YES;
				CLANG_WARN_OBJC_ROOT_CLASS = YES_ERROR;
				CLANG_WARN_QUOTED_INCLUDE_IN_FRAMEWORK_HEADER = YES;
				CLANG_WARN_RANGE_LOOP_ANALYSIS = YES;
				CLANG_WARN_STRICT_PROTOTYPES = YES;
				CLANG_WARN_SUSPICIOUS_MOVE = YES;
				CLANG_WARN_UNGUARDED_AVAILABILITY = YES_AGGRESSIVE;
				CLANG_WARN_UNREACHABLE_CODE = YES;
				CLANG_WARN__DUPLICATE_METHOD_MATCH = YES;
				COPY_PHASE_STRIP = NO;
				DEBUG_INFORMATION_FORMAT = "dwarf-with-dsym";
				ENABLE_NS_ASSERTIONS = NO;
				ENABLE_STRICT_OBJC_MSGSEND = YES;
				GCC_C_LANGUAGE_STANDARD = gnu11;
				GCC_NO_COMMON_BLOCKS = YES;
				GCC_WARN_64_TO_32_BIT_CONVERSION = YES;
				GCC_WARN_ABOUT_RETURN_TYPE = YES_ERROR;
				GCC_WARN_UNDECLARED_SELECTOR = YES;
				GCC_WARN_UNINITIALIZED_AUTOS = YES_AGGRESSIVE;
				GCC_WARN_UNUSED_FUNCTION = YES;
				GCC_WARN_UNUSED_VARIABLE = YES;
				IPHONEOS_DEPLOYMENT_TARGET = 16.2;
				MTL_ENABLE_DEBUG_INFO = NO;
				MTL_FAST_MATH = YES;
				SDKROOT = iphoneos;
				SWIFT_COMPILATION_MODE = wholemodule;
				SWIFT_OPTIMIZATION_LEVEL = "-O";
				VALIDATE_PRODUCT = YES;
			};
			name = Release;
		};
		AD12C85029ED676D0060AAA4 /* Debug */ = {
			isa = XCBuildConfiguration;
			baseConfigurationReference = 9424816F20BCC4243958BB9B /* Pods-BloggingApp.debug.xcconfig */;
			buildSettings = {
				ASSETCATALOG_COMPILER_APPICON_NAME = AppIcon;
				ASSETCATALOG_COMPILER_GLOBAL_ACCENT_COLOR_NAME = AccentColor;
				CODE_SIGN_STYLE = Automatic;
				CURRENT_PROJECT_VERSION = 1;
				DEVELOPMENT_TEAM = 92M23D65YY;
				GENERATE_INFOPLIST_FILE = YES;
				INFOPLIST_FILE = BloggingApp/Info.plist;
				INFOPLIST_KEY_UIApplicationSupportsIndirectInputEvents = YES;
				INFOPLIST_KEY_UILaunchStoryboardName = LaunchScreen;
				INFOPLIST_KEY_UISupportedInterfaceOrientations = UIInterfaceOrientationPortrait;
				IPHONEOS_DEPLOYMENT_TARGET = 15.0;
				LD_RUNPATH_SEARCH_PATHS = (
					"$(inherited)",
					"@executable_path/Frameworks",
				);
				MARKETING_VERSION = 1.0;
				PRODUCT_BUNDLE_IDENTIFIER = com.akbarshah.BloggingApp;
				PRODUCT_NAME = "$(TARGET_NAME)";
				SWIFT_EMIT_LOC_STRINGS = YES;
				SWIFT_VERSION = 5.0;
				TARGETED_DEVICE_FAMILY = "1,2";
			};
			name = Debug;
		};
		AD12C85129ED676D0060AAA4 /* Release */ = {
			isa = XCBuildConfiguration;
			baseConfigurationReference = ACCE184585177F983239ECD0 /* Pods-BloggingApp.release.xcconfig */;
			buildSettings = {
				ASSETCATALOG_COMPILER_APPICON_NAME = AppIcon;
				ASSETCATALOG_COMPILER_GLOBAL_ACCENT_COLOR_NAME = AccentColor;
				CODE_SIGN_STYLE = Automatic;
				CURRENT_PROJECT_VERSION = 1;
				DEVELOPMENT_TEAM = 92M23D65YY;
				GENERATE_INFOPLIST_FILE = YES;
				INFOPLIST_FILE = BloggingApp/Info.plist;
				INFOPLIST_KEY_UIApplicationSupportsIndirectInputEvents = YES;
				INFOPLIST_KEY_UILaunchStoryboardName = LaunchScreen;
				INFOPLIST_KEY_UISupportedInterfaceOrientations = UIInterfaceOrientationPortrait;
				IPHONEOS_DEPLOYMENT_TARGET = 15.0;
				LD_RUNPATH_SEARCH_PATHS = (
					"$(inherited)",
					"@executable_path/Frameworks",
				);
				MARKETING_VERSION = 1.0;
				PRODUCT_BUNDLE_IDENTIFIER = com.akbarshah.BloggingApp;
				PRODUCT_NAME = "$(TARGET_NAME)";
				SWIFT_EMIT_LOC_STRINGS = YES;
				SWIFT_VERSION = 5.0;
				TARGETED_DEVICE_FAMILY = "1,2";
			};
			name = Release;
		};
/* End XCBuildConfiguration section */

/* Begin XCConfigurationList section */
		AD12C83629ED676C0060AAA4 /* Build configuration list for PBXProject "BloggingApp" */ = {
			isa = XCConfigurationList;
			buildConfigurations = (
				AD12C84D29ED676D0060AAA4 /* Debug */,
				AD12C84E29ED676D0060AAA4 /* Release */,
			);
			defaultConfigurationIsVisible = 0;
			defaultConfigurationName = Release;
		};
		AD12C84F29ED676D0060AAA4 /* Build configuration list for PBXNativeTarget "BloggingApp" */ = {
			isa = XCConfigurationList;
			buildConfigurations = (
				AD12C85029ED676D0060AAA4 /* Debug */,
				AD12C85129ED676D0060AAA4 /* Release */,
			);
			defaultConfigurationIsVisible = 0;
			defaultConfigurationName = Release;
		};
/* End XCConfigurationList section */
	};
	rootObject = AD12C83329ED676C0060AAA4 /* Project object */;
}
